
Microsoft Visual Studio Solution File, Format Version 12.00
# Visual Studio Version 16
VisualStudioVersion = 16.0.32002.261
MinimumVisualStudioVersion = 10.0.40219.1
Project("{FAE04EC0-301F-11D3-BF4B-00C04F79EFBC}") = "Kaluklator", "Kaluklator\Kaluklator.csproj", "{0AF90C30-CFEB-45E9-A5E8-5F72A2943195}"
EndProject
Global
	GlobalSection(SolutionConfigurationPlatforms) = preSolution
		Debug|Any CPU = Debug|Any CPU
		Release|Any CPU = Release|Any CPU
	EndGlobalSection
	GlobalSection(ProjectConfigurationPlatforms) = postSolution
		{0AF90C30-CFEB-45E9-A5E8-5F72A2943195}.Debug|Any CPU.ActiveCfg = Debug|Any CPU
		{0AF90C30-CFEB-45E9-A5E8-5F72A2943195}.Debug|Any CPU.Build.0 = Debug|Any CPU
		{0AF90C30-CFEB-45E9-A5E8-5F72A2943195}.Release|Any CPU.ActiveCfg = Release|Any CPU
		{0AF90C30-CFEB-45E9-A5E8-5F72A2943195}.Release|Any CPU.Build.0 = Release|Any CPU
	EndGlobalSection
	GlobalSection(SolutionProperties) = preSolution
		HideSolutionNode = FALSE
	EndGlobalSection
	GlobalSection(ExtensibilityGlobals) = postSolution
		SolutionGuid = {D253D56D-587D-407E-B9E0-8CEEA8E375C4}
	EndGlobalSection
EndGlobal
